// !$*UTF8*$!
{
	archiveVersion = 1;
	classes = {
	};
	objectVersion = 55;
	objects = {

/* Begin PBXBuildFile section */
		A5B3446228637E1500FFC3DA /* CategoryCell.swift in Sources */ = {isa = PBXBuildFile; fileRef = A5B3446028637E1500FFC3DA /* CategoryCell.swift */; };
		A5B3446328637E1500FFC3DA /* CategoryCell.xib in Resources */ = {isa = PBXBuildFile; fileRef = A5B3446128637E1500FFC3DA /* CategoryCell.xib */; };
		A5B344652863817700FFC3DA /* Category.swift in Sources */ = {isa = PBXBuildFile; fileRef = A5B344642863817700FFC3DA /* Category.swift */; };
		A5B344692863890200FFC3DA /* View.swift in Sources */ = {isa = PBXBuildFile; fileRef = A5B344682863890200FFC3DA /* View.swift */; };
		A5B51506286347D1005AB280 /* Doctor.swift in Sources */ = {isa = PBXBuildFile; fileRef = A5B51505286347D1005AB280 /* Doctor.swift */; };
		A5B5150A286349B8005AB280 /* DoctorCell.swift in Sources */ = {isa = PBXBuildFile; fileRef = A5B51508286349B8005AB280 /* DoctorCell.swift */; };
		A5B5150B286349B8005AB280 /* DoctorCell.xib in Resources */ = {isa = PBXBuildFile; fileRef = A5B51509286349B8005AB280 /* DoctorCell.xib */; };
		A5B5150D28634B97005AB280 /* ImageView.swift in Sources */ = {isa = PBXBuildFile; fileRef = A5B5150C28634B97005AB280 /* ImageView.swift */; };
		A5B5150F28635B26005AB280 /* HomeService.swift in Sources */ = {isa = PBXBuildFile; fileRef = A5B5150E28635B26005AB280 /* HomeService.swift */; };
		A5B5151128635D42005AB280 /* BaseResponse.swift in Sources */ = {isa = PBXBuildFile; fileRef = A5B5151028635D42005AB280 /* BaseResponse.swift */; };
		A5B5151328635EE0005AB280 /* NetworkError.swift in Sources */ = {isa = PBXBuildFile; fileRef = A5B5151228635EE0005AB280 /* NetworkError.swift */; };
		A5CA1A012860A46000C81E68 /* AppDelegate.swift in Sources */ = {isa = PBXBuildFile; fileRef = A5CA1A002860A46000C81E68 /* AppDelegate.swift */; };
		A5CA1A082860A46000C81E68 /* Main.storyboard in Resources */ = {isa = PBXBuildFile; fileRef = A5CA1A062860A46000C81E68 /* Main.storyboard */; };
		A5CA1A0A2860A46400C81E68 /* Assets.xcassets in Resources */ = {isa = PBXBuildFile; fileRef = A5CA1A092860A46400C81E68 /* Assets.xcassets */; };
		A5CA1A0D2860A46400C81E68 /* LaunchScreen.storyboard in Resources */ = {isa = PBXBuildFile; fileRef = A5CA1A0B2860A46400C81E68 /* LaunchScreen.storyboard */; };
		A5CA1A212860A7E100C81E68 /* AppCoordinator.swift in Sources */ = {isa = PBXBuildFile; fileRef = A5CA1A202860A7E100C81E68 /* AppCoordinator.swift */; };
		A5CA1A232860A83E00C81E68 /* Coordinator.swift in Sources */ = {isa = PBXBuildFile; fileRef = A5CA1A222860A83E00C81E68 /* Coordinator.swift */; };
		A5CA1A272860A8E200C81E68 /* TabBarController.swift in Sources */ = {isa = PBXBuildFile; fileRef = A5CA1A262860A8E200C81E68 /* TabBarController.swift */; };
		A5CA1A2A2860AAC000C81E68 /* NavigationController.swift in Sources */ = {isa = PBXBuildFile; fileRef = A5CA1A292860AAC000C81E68 /* NavigationController.swift */; };
		A5CA1A352860B4CC00C81E68 /* HomeCoordinator.swift in Sources */ = {isa = PBXBuildFile; fileRef = A5CA1A2F2860B4CC00C81E68 /* HomeCoordinator.swift */; };
		A5CA1A362860B4CC00C81E68 /* HomeViewModel.swift in Sources */ = {isa = PBXBuildFile; fileRef = A5CA1A312860B4CC00C81E68 /* HomeViewModel.swift */; };
		A5CA1A372860B4CC00C81E68 /* HomeViewController.swift in Sources */ = {isa = PBXBuildFile; fileRef = A5CA1A332860B4CC00C81E68 /* HomeViewController.swift */; };
		A5F1A96C2861C84C00CB9023 /* HomeTabBarCoordinator.swift in Sources */ = {isa = PBXBuildFile; fileRef = A5F1A96B2861C84C00CB9023 /* HomeTabBarCoordinator.swift */; };
/* End PBXBuildFile section */

/* Begin PBXFileReference section */
		A5B3446028637E1500FFC3DA /* CategoryCell.swift */ = {isa = PBXFileReference; lastKnownFileType = sourcecode.swift; path = CategoryCell.swift; sourceTree = "<group>"; };
		A5B3446128637E1500FFC3DA /* CategoryCell.xib */ = {isa = PBXFileReference; lastKnownFileType = file.xib; path = CategoryCell.xib; sourceTree = "<group>"; };
		A5B344642863817700FFC3DA /* Category.swift */ = {isa = PBXFileReference; lastKnownFileType = sourcecode.swift; path = Category.swift; sourceTree = "<group>"; };
		A5B344682863890200FFC3DA /* View.swift */ = {isa = PBXFileReference; lastKnownFileType = sourcecode.swift; path = View.swift; sourceTree = "<group>"; };
		A5B51505286347D1005AB280 /* Doctor.swift */ = {isa = PBXFileReference; lastKnownFileType = sourcecode.swift; path = Doctor.swift; sourceTree = "<group>"; };
		A5B51508286349B8005AB280 /* DoctorCell.swift */ = {isa = PBXFileReference; lastKnownFileType = sourcecode.swift; path = DoctorCell.swift; sourceTree = "<group>"; };
		A5B51509286349B8005AB280 /* DoctorCell.xib */ = {isa = PBXFileReference; lastKnownFileType = file.xib; path = DoctorCell.xib; sourceTree = "<group>"; };
		A5B5150C28634B97005AB280 /* ImageView.swift */ = {isa = PBXFileReference; lastKnownFileType = sourcecode.swift; path = ImageView.swift; sourceTree = "<group>"; };
		A5B5150E28635B26005AB280 /* HomeService.swift */ = {isa = PBXFileReference; lastKnownFileType = sourcecode.swift; path = HomeService.swift; sourceTree = "<group>"; };
		A5B5151028635D42005AB280 /* BaseResponse.swift */ = {isa = PBXFileReference; lastKnownFileType = sourcecode.swift; path = BaseResponse.swift; sourceTree = "<group>"; };
		A5B5151228635EE0005AB280 /* NetworkError.swift */ = {isa = PBXFileReference; lastKnownFileType = sourcecode.swift; path = NetworkError.swift; sourceTree = "<group>"; };
		A5CA19FD2860A46000C81E68 /* CoordinatorDemo.app */ = {isa = PBXFileReference; explicitFileType = wrapper.application; includeInIndex = 0; path = CoordinatorDemo.app; sourceTree = BUILT_PRODUCTS_DIR; };
		A5CA1A002860A46000C81E68 /* AppDelegate.swift */ = {isa = PBXFileReference; lastKnownFileType = sourcecode.swift; path = AppDelegate.swift; sourceTree = "<group>"; };
		A5CA1A072860A46000C81E68 /* Base */ = {isa = PBXFileReference; lastKnownFileType = file.storyboard; name = Base; path = Base.lproj/Main.storyboard; sourceTree = "<group>"; };
		A5CA1A092860A46400C81E68 /* Assets.xcassets */ = {isa = PBXFileReference; lastKnownFileType = folder.assetcatalog; path = Assets.xcassets; sourceTree = "<group>"; };
		A5CA1A0C2860A46400C81E68 /* Base */ = {isa = PBXFileReference; lastKnownFileType = file.storyboard; name = Base; path = Base.lproj/LaunchScreen.storyboard; sourceTree = "<group>"; };
		A5CA1A0E2860A46400C81E68 /* Info.plist */ = {isa = PBXFileReference; lastKnownFileType = text.plist.xml; path = Info.plist; sourceTree = "<group>"; };
		A5CA1A202860A7E100C81E68 /* AppCoordinator.swift */ = {isa = PBXFileReference; lastKnownFileType = sourcecode.swift; path = AppCoordinator.swift; sourceTree = "<group>"; };
		A5CA1A222860A83E00C81E68 /* Coordinator.swift */ = {isa = PBXFileReference; lastKnownFileType = sourcecode.swift; path = Coordinator.swift; sourceTree = "<group>"; };
		A5CA1A262860A8E200C81E68 /* TabBarController.swift */ = {isa = PBXFileReference; lastKnownFileType = sourcecode.swift; path = TabBarController.swift; sourceTree = "<group>"; };
		A5CA1A292860AAC000C81E68 /* NavigationController.swift */ = {isa = PBXFileReference; lastKnownFileType = sourcecode.swift; path = NavigationController.swift; sourceTree = "<group>"; };
		A5CA1A2F2860B4CC00C81E68 /* HomeCoordinator.swift */ = {isa = PBXFileReference; fileEncoding = 4; lastKnownFileType = sourcecode.swift; path = HomeCoordinator.swift; sourceTree = "<group>"; };
		A5CA1A312860B4CC00C81E68 /* HomeViewModel.swift */ = {isa = PBXFileReference; fileEncoding = 4; lastKnownFileType = sourcecode.swift; path = HomeViewModel.swift; sourceTree = "<group>"; };
		A5CA1A332860B4CC00C81E68 /* HomeViewController.swift */ = {isa = PBXFileReference; fileEncoding = 4; lastKnownFileType = sourcecode.swift; path = HomeViewController.swift; sourceTree = "<group>"; };
		A5F1A96B2861C84C00CB9023 /* HomeTabBarCoordinator.swift */ = {isa = PBXFileReference; lastKnownFileType = sourcecode.swift; path = HomeTabBarCoordinator.swift; sourceTree = "<group>"; };
/* End PBXFileReference section */

/* Begin PBXFrameworksBuildPhase section */
		A5CA19FA2860A46000C81E68 /* Frameworks */ = {
			isa = PBXFrameworksBuildPhase;
			buildActionMask = 2147483647;
			files = (
			);
			runOnlyForDeploymentPostprocessing = 0;
		};
/* End PBXFrameworksBuildPhase section */

/* Begin PBXGroup section */
		A5B5150428634792005AB280 /* DataModels */ = {
			isa = PBXGroup;
			children = (
				A5B51505286347D1005AB280 /* Doctor.swift */,
				A5B344642863817700FFC3DA /* Category.swift */,
				A5B5151028635D42005AB280 /* BaseResponse.swift */,
			);
			path = DataModels;
			sourceTree = "<group>";
		};
		A5B5150728634973005AB280 /* Views */ = {
			isa = PBXGroup;
			children = (
				A5B51508286349B8005AB280 /* DoctorCell.swift */,
				A5B51509286349B8005AB280 /* DoctorCell.xib */,
				A5B3446028637E1500FFC3DA /* CategoryCell.swift */,
				A5B3446128637E1500FFC3DA /* CategoryCell.xib */,
			);
			path = Views;
			sourceTree = "<group>";
		};
		A5CA19F42860A46000C81E68 = {
			isa = PBXGroup;
			children = (
				A5CA19FF2860A46000C81E68 /* CoordinatorDemo */,
				A5CA19FE2860A46000C81E68 /* Products */,
			);
			sourceTree = "<group>";
		};
		A5CA19FE2860A46000C81E68 /* Products */ = {
			isa = PBXGroup;
			children = (
				A5CA19FD2860A46000C81E68 /* CoordinatorDemo.app */,
			);
			name = Products;
			sourceTree = "<group>";
		};
		A5CA19FF2860A46000C81E68 /* CoordinatorDemo */ = {
			isa = PBXGroup;
			children = (
				A5CA1A0E2860A46400C81E68 /* Info.plist */,
				A5CA1A142860A49D00C81E68 /* Application */,
				A5CA1A172860A5E200C81E68 /* Storyboards */,
				A5CA1A152860A5C500C81E68 /* Resources */,
				A5CA1A1A2860A62100C81E68 /* TabbarController */,
				A5CA1A282860AA9800C81E68 /* NavigationController */,
				A5CA1A162860A5D400C81E68 /* Modules */,
				A5CA1A1C2860A67C00C81E68 /* Models */,
				A5CA1A1B2860A67300C81E68 /* Constants */,
				A5CA1A1E2860A6A400C81E68 /* Extensions */,
				A5CA1A1D2860A68500C81E68 /* Services */,
				A5CA1A1F2860A6AC00C81E68 /* Networking */,
			);
			path = CoordinatorDemo;
			sourceTree = "<group>";
		};
		A5CA1A142860A49D00C81E68 /* Application */ = {
			isa = PBXGroup;
			children = (
				A5CA1A002860A46000C81E68 /* AppDelegate.swift */,
				A5CA1A202860A7E100C81E68 /* AppCoordinator.swift */,
				A5CA1A222860A83E00C81E68 /* Coordinator.swift */,
			);
			path = Application;
			sourceTree = "<group>";
		};
		A5CA1A152860A5C500C81E68 /* Resources */ = {
			isa = PBXGroup;
			children = (
				A5CA1A092860A46400C81E68 /* Assets.xcassets */,
			);
			path = Resources;
			sourceTree = "<group>";
		};
		A5CA1A162860A5D400C81E68 /* Modules */ = {
			isa = PBXGroup;
			children = (
				A5CA1A2B2860B4CC00C81E68 /* Home */,
				A5CA1A192860A60B00C81E68 /* Auth */,
			);
			path = Modules;
			sourceTree = "<group>";
		};
		A5CA1A172860A5E200C81E68 /* Storyboards */ = {
			isa = PBXGroup;
			children = (
				A5CA1A0B2860A46400C81E68 /* LaunchScreen.storyboard */,
				A5CA1A062860A46000C81E68 /* Main.storyboard */,
			);
			path = Storyboards;
			sourceTree = "<group>";
		};
		A5CA1A192860A60B00C81E68 /* Auth */ = {
			isa = PBXGroup;
			children = (
			);
			path = Auth;
			sourceTree = "<group>";
		};
		A5CA1A1A2860A62100C81E68 /* TabbarController */ = {
			isa = PBXGroup;
			children = (
				A5CA1A262860A8E200C81E68 /* TabBarController.swift */,
			);
			path = TabbarController;
			sourceTree = "<group>";
		};
		A5CA1A1B2860A67300C81E68 /* Constants */ = {
			isa = PBXGroup;
			children = (
			);
			path = Constants;
			sourceTree = "<group>";
		};
		A5CA1A1C2860A67C00C81E68 /* Models */ = {
			isa = PBXGroup;
			children = (
				A5B5150428634792005AB280 /* DataModels */,
			);
			path = Models;
			sourceTree = "<group>";
		};
		A5CA1A1D2860A68500C81E68 /* Services */ = {
			isa = PBXGroup;
			children = (
				A5B5150E28635B26005AB280 /* HomeService.swift */,
			);
			path = Services;
			sourceTree = "<group>";
		};
		A5CA1A1E2860A6A400C81E68 /* Extensions */ = {
			isa = PBXGroup;
			children = (
				A5B5150C28634B97005AB280 /* ImageView.swift */,
				A5B344682863890200FFC3DA /* View.swift */,
			);
			path = Extensions;
			sourceTree = "<group>";
		};
		A5CA1A1F2860A6AC00C81E68 /* Networking */ = {
			isa = PBXGroup;
			children = (
				A5B5151228635EE0005AB280 /* NetworkError.swift */,
			);
			path = Networking;
			sourceTree = "<group>";
		};
		A5CA1A282860AA9800C81E68 /* NavigationController */ = {
			isa = PBXGroup;
			children = (
				A5CA1A292860AAC000C81E68 /* NavigationController.swift */,
			);
			path = NavigationController;
			sourceTree = "<group>";
		};
		A5CA1A2B2860B4CC00C81E68 /* Home */ = {
			isa = PBXGroup;
			children = (
				A5F1A96B2861C84C00CB9023 /* HomeTabBarCoordinator.swift */,
				A5CA1A2E2860B4CC00C81E68 /* Coordinators */,
				A5CA1A322860B4CC00C81E68 /* ViewControllers */,
				A5CA1A302860B4CC00C81E68 /* ViewModels */,
				A5B5150728634973005AB280 /* Views */,
			);
			path = Home;
			sourceTree = "<group>";
		};
		A5CA1A2E2860B4CC00C81E68 /* Coordinators */ = {
			isa = PBXGroup;
			children = (
				A5CA1A2F2860B4CC00C81E68 /* HomeCoordinator.swift */,
			);
			path = Coordinators;
			sourceTree = "<group>";
		};
		A5CA1A302860B4CC00C81E68 /* ViewModels */ = {
			isa = PBXGroup;
			children = (
				A5CA1A312860B4CC00C81E68 /* HomeViewModel.swift */,
			);
			path = ViewModels;
			sourceTree = "<group>";
		};
		A5CA1A322860B4CC00C81E68 /* ViewControllers */ = {
			isa = PBXGroup;
			children = (
				A5CA1A332860B4CC00C81E68 /* HomeViewController.swift */,
			);
			path = ViewControllers;
			sourceTree = "<group>";
		};
/* End PBXGroup section */

/* Begin PBXNativeTarget section */
		A5CA19FC2860A46000C81E68 /* CoordinatorDemo */ = {
			isa = PBXNativeTarget;
			buildConfigurationList = A5CA1A112860A46400C81E68 /* Build configuration list for PBXNativeTarget "CoordinatorDemo" */;
			buildPhases = (
				A5CA19F92860A46000C81E68 /* Sources */,
				A5CA19FA2860A46000C81E68 /* Frameworks */,
				A5CA19FB2860A46000C81E68 /* Resources */,
			);
			buildRules = (
			);
			dependencies = (
			);
			name = CoordinatorDemo;
			productName = CoordinatorDemo;
			productReference = A5CA19FD2860A46000C81E68 /* CoordinatorDemo.app */;
			productType = "com.apple.product-type.application";
		};
/* End PBXNativeTarget section */

/* Begin PBXProject section */
		A5CA19F52860A46000C81E68 /* Project object */ = {
			isa = PBXProject;
			attributes = {
				BuildIndependentTargetsInParallel = 1;
				LastSwiftUpdateCheck = 1300;
				LastUpgradeCheck = 1300;
				TargetAttributes = {
					A5CA19FC2860A46000C81E68 = {
						CreatedOnToolsVersion = 13.0;
					};
				};
			};
			buildConfigurationList = A5CA19F82860A46000C81E68 /* Build configuration list for PBXProject "CoordinatorDemo" */;
			compatibilityVersion = "Xcode 13.0";
			developmentRegion = en;
			hasScannedForEncodings = 0;
			knownRegions = (
				en,
				Base,
			);
			mainGroup = A5CA19F42860A46000C81E68;
			productRefGroup = A5CA19FE2860A46000C81E68 /* Products */;
			projectDirPath = "";
			projectRoot = "";
			targets = (
				A5CA19FC2860A46000C81E68 /* CoordinatorDemo */,
			);
		};
/* End PBXProject section */

/* Begin PBXResourcesBuildPhase section */
		A5CA19FB2860A46000C81E68 /* Resources */ = {
			isa = PBXResourcesBuildPhase;
			buildActionMask = 2147483647;
			files = (
				A5B3446328637E1500FFC3DA /* CategoryCell.xib in Resources */,
				A5CA1A0D2860A46400C81E68 /* LaunchScreen.storyboard in Resources */,
				A5CA1A0A2860A46400C81E68 /* Assets.xcassets in Resources */,
				A5B5150B286349B8005AB280 /* DoctorCell.xib in Resources */,
				A5CA1A082860A46000C81E68 /* Main.storyboard in Resources */,
			);
			runOnlyForDeploymentPostprocessing = 0;
		};
/* End PBXResourcesBuildPhase section */

/* Begin PBXSourcesBuildPhase section */
		A5CA19F92860A46000C81E68 /* Sources */ = {
			isa = PBXSourcesBuildPhase;
			buildActionMask = 2147483647;
			files = (
				A5B5150D28634B97005AB280 /* ImageView.swift in Sources */,
				A5F1A96C2861C84C00CB9023 /* HomeTabBarCoordinator.swift in Sources */,
				A5CA1A212860A7E100C81E68 /* AppCoordinator.swift in Sources */,
				A5B5150A286349B8005AB280 /* DoctorCell.swift in Sources */,
				A5CA1A232860A83E00C81E68 /* Coordinator.swift in Sources */,
				A5CA1A362860B4CC00C81E68 /* HomeViewModel.swift in Sources */,
				A5CA1A372860B4CC00C81E68 /* HomeViewController.swift in Sources */,
				A5CA1A272860A8E200C81E68 /* TabBarController.swift in Sources */,
				A5B5150F28635B26005AB280 /* HomeService.swift in Sources */,
				A5B5151328635EE0005AB280 /* NetworkError.swift in Sources */,
				A5B51506286347D1005AB280 /* Doctor.swift in Sources */,
				A5B344652863817700FFC3DA /* Category.swift in Sources */,
				A5B3446228637E1500FFC3DA /* CategoryCell.swift in Sources */,
				A5CA1A012860A46000C81E68 /* AppDelegate.swift in Sources */,
				A5B344692863890200FFC3DA /* View.swift in Sources */,
				A5B5151128635D42005AB280 /* BaseResponse.swift in Sources */,
				A5CA1A2A2860AAC000C81E68 /* NavigationController.swift in Sources */,
				A5CA1A352860B4CC00C81E68 /* HomeCoordinator.swift in Sources */,
			);
			runOnlyForDeploymentPostprocessing = 0;
		};
/* End PBXSourcesBuildPhase section */

/* Begin PBXVariantGroup section */
		A5CA1A062860A46000C81E68 /* Main.storyboard */ = {
			isa = PBXVariantGroup;
			children = (
				A5CA1A072860A46000C81E68 /* Base */,
			);
			name = Main.storyboard;
			sourceTree = "<group>";
		};
		A5CA1A0B2860A46400C81E68 /* LaunchScreen.storyboard */ = {
			isa = PBXVariantGroup;
			children = (
				A5CA1A0C2860A46400C81E68 /* Base */,
			);
			name = LaunchScreen.storyboard;
			sourceTree = "<group>";
		};
/* End PBXVariantGroup section */

/* Begin XCBuildConfiguration section */
		A5CA1A0F2860A46400C81E68 /* Debug */ = {
			isa = XCBuildConfiguration;
			buildSettings = {
				ALWAYS_SEARCH_USER_PATHS = NO;
				CLANG_ANALYZER_NONNULL = YES;
				CLANG_ANALYZER_NUMBER_OBJECT_CONVERSION = YES_AGGRESSIVE;
				CLANG_CXX_LANGUAGE_STANDARD = "gnu++17";
				CLANG_CXX_LIBRARY = "libc++";
				CLANG_ENABLE_MODULES = YES;
				CLANG_ENABLE_OBJC_ARC = YES;
				CLANG_ENABLE_OBJC_WEAK = YES;
				CLANG_WARN_BLOCK_CAPTURE_AUTORELEASING = YES;
				CLANG_WARN_BOOL_CONVERSION = YES;
				CLANG_WARN_COMMA = YES;
				CLANG_WARN_CONSTANT_CONVERSION = YES;
				CLANG_WARN_DEPRECATED_OBJC_IMPLEMENTATIONS = YES;
				CLANG_WARN_DIRECT_OBJC_ISA_USAGE = YES_ERROR;
				CLANG_WARN_DOCUMENTATION_COMMENTS = YES;
				CLANG_WARN_EMPTY_BODY = YES;
				CLANG_WARN_ENUM_CONVERSION = YES;
				CLANG_WARN_INFINITE_RECURSION = YES;
				CLANG_WARN_INT_CONVERSION = YES;
				CLANG_WARN_NON_LITERAL_NULL_CONVERSION = YES;
				CLANG_WARN_OBJC_IMPLICIT_RETAIN_SELF = YES;
				CLANG_WARN_OBJC_LITERAL_CONVERSION = YES;
				CLANG_WARN_OBJC_ROOT_CLASS = YES_ERROR;
				CLANG_WARN_QUOTED_INCLUDE_IN_FRAMEWORK_HEADER = YES;
				CLANG_WARN_RANGE_LOOP_ANALYSIS = YES;
				CLANG_WARN_STRICT_PROTOTYPES = YES;
				CLANG_WARN_SUSPICIOUS_MOVE = YES;
				CLANG_WARN_UNGUARDED_AVAILABILITY = YES_AGGRESSIVE;
				CLANG_WARN_UNREACHABLE_CODE = YES;
				CLANG_WARN__DUPLICATE_METHOD_MATCH = YES;
				COPY_PHASE_STRIP = NO;
				DEBUG_INFORMATION_FORMAT = dwarf;
				ENABLE_STRICT_OBJC_MSGSEND = YES;
				ENABLE_TESTABILITY = YES;
				GCC_C_LANGUAGE_STANDARD = gnu11;
				GCC_DYNAMIC_NO_PIC = NO;
				GCC_NO_COMMON_BLOCKS = YES;
				GCC_OPTIMIZATION_LEVEL = 0;
				GCC_PREPROCESSOR_DEFINITIONS = (
					"DEBUG=1",
					"$(inherited)",
				);
				GCC_WARN_64_TO_32_BIT_CONVERSION = YES;
				GCC_WARN_ABOUT_RETURN_TYPE = YES_ERROR;
				GCC_WARN_UNDECLARED_SELECTOR = YES;
				GCC_WARN_UNINITIALIZED_AUTOS = YES_AGGRESSIVE;
				GCC_WARN_UNUSED_FUNCTION = YES;
				GCC_WARN_UNUSED_VARIABLE = YES;
				IPHONEOS_DEPLOYMENT_TARGET = 15.0;
				MTL_ENABLE_DEBUG_INFO = INCLUDE_SOURCE;
				MTL_FAST_MATH = YES;
				ONLY_ACTIVE_ARCH = YES;
				SDKROOT = iphoneos;
				SWIFT_ACTIVE_COMPILATION_CONDITIONS = DEBUG;
				SWIFT_OPTIMIZATION_LEVEL = "-Onone";
			};
			name = Debug;
		};
		A5CA1A102860A46400C81E68 /* Release */ = {
			isa = XCBuildConfiguration;
			buildSettings = {
				ALWAYS_SEARCH_USER_PATHS = NO;
				CLANG_ANALYZER_NONNULL = YES;
				CLANG_ANALYZER_NUMBER_OBJECT_CONVERSION = YES_AGGRESSIVE;
				CLANG_CXX_LANGUAGE_STANDARD = "gnu++17";
				CLANG_CXX_LIBRARY = "libc++";
				CLANG_ENABLE_MODULES = YES;
				CLANG_ENABLE_OBJC_ARC = YES;
				CLANG_ENABLE_OBJC_WEAK = YES;
				CLANG_WARN_BLOCK_CAPTURE_AUTORELEASING = YES;
				CLANG_WARN_BOOL_CONVERSION = YES;
				CLANG_WARN_COMMA = YES;
				CLANG_WARN_CONSTANT_CONVERSION = YES;
				CLANG_WARN_DEPRECATED_OBJC_IMPLEMENTATIONS = YES;
				CLANG_WARN_DIRECT_OBJC_ISA_USAGE = YES_ERROR;
				CLANG_WARN_DOCUMENTATION_COMMENTS = YES;
				CLANG_WARN_EMPTY_BODY = YES;
				CLANG_WARN_ENUM_CONVERSION = YES;
				CLANG_WARN_INFINITE_RECURSION = YES;
				CLANG_WARN_INT_CONVERSION = YES;
				CLANG_WARN_NON_LITERAL_NULL_CONVERSION = YES;
				CLANG_WARN_OBJC_IMPLICIT_RETAIN_SELF = YES;
				CLANG_WARN_OBJC_LITERAL_CONVERSION = YES;
				CLANG_WARN_OBJC_ROOT_CLASS = YES_ERROR;
				CLANG_WARN_QUOTED_INCLUDE_IN_FRAMEWORK_HEADER = YES;
				CLANG_WARN_RANGE_LOOP_ANALYSIS = YES;
				CLANG_WARN_STRICT_PROTOTYPES = YES;
				CLANG_WARN_SUSPICIOUS_MOVE = YES;
				CLANG_WARN_UNGUARDED_AVAILABILITY = YES_AGGRESSIVE;
				CLANG_WARN_UNREACHABLE_CODE = YES;
				CLANG_WARN__DUPLICATE_METHOD_MATCH = YES;
				COPY_PHASE_STRIP = NO;
				DEBUG_INFORMATION_FORMAT = "dwarf-with-dsym";
				ENABLE_NS_ASSERTIONS = NO;
				ENABLE_STRICT_OBJC_MSGSEND = YES;
				GCC_C_LANGUAGE_STANDARD = gnu11;
				GCC_NO_COMMON_BLOCKS = YES;
				GCC_WARN_64_TO_32_BIT_CONVERSION = YES;
				GCC_WARN_ABOUT_RETURN_TYPE = YES_ERROR;
				GCC_WARN_UNDECLARED_SELECTOR = YES;
				GCC_WARN_UNINITIALIZED_AUTOS = YES_AGGRESSIVE;
				GCC_WARN_UNUSED_FUNCTION = YES;
				GCC_WARN_UNUSED_VARIABLE = YES;
				IPHONEOS_DEPLOYMENT_TARGET = 15.0;
				MTL_ENABLE_DEBUG_INFO = NO;
				MTL_FAST_MATH = YES;
				SDKROOT = iphoneos;
				SWIFT_COMPILATION_MODE = wholemodule;
				SWIFT_OPTIMIZATION_LEVEL = "-O";
				VALIDATE_PRODUCT = YES;
			};
			name = Release;
		};
		A5CA1A122860A46400C81E68 /* Debug */ = {
			isa = XCBuildConfiguration;
			buildSettings = {
				ASSETCATALOG_COMPILER_APPICON_NAME = AppIcon;
				ASSETCATALOG_COMPILER_GLOBAL_ACCENT_COLOR_NAME = AccentColor;
				CODE_SIGN_STYLE = Automatic;
				CURRENT_PROJECT_VERSION = 1;
				DEVELOPMENT_TEAM = NGBZHWD3TQ;
				GENERATE_INFOPLIST_FILE = YES;
				INFOPLIST_FILE = CoordinatorDemo/Info.plist;
				INFOPLIST_KEY_UIApplicationSupportsIndirectInputEvents = YES;
				INFOPLIST_KEY_UILaunchStoryboardName = LaunchScreen;
				INFOPLIST_KEY_UIMainStoryboardFile = Main;
				INFOPLIST_KEY_UISupportedInterfaceOrientations_iPad = "UIInterfaceOrientationPortrait UIInterfaceOrientationPortraitUpsideDown UIInterfaceOrientationLandscapeLeft UIInterfaceOrientationLandscapeRight";
				INFOPLIST_KEY_UISupportedInterfaceOrientations_iPhone = "UIInterfaceOrientationPortrait UIInterfaceOrientationLandscapeLeft UIInterfaceOrientationLandscapeRight";
				LD_RUNPATH_SEARCH_PATHS = (
					"$(inherited)",
					"@executable_path/Frameworks",
				);
				MARKETING_VERSION = 1.0;
				PRODUCT_BUNDLE_IDENTIFIER = com.ijaz.coordinator.CoordinatorDemo;
				PRODUCT_NAME = "$(TARGET_NAME)";
				SWIFT_EMIT_LOC_STRINGS = YES;
				SWIFT_VERSION = 5.0;
				TARGETED_DEVICE_FAMILY = "1,2";
			};
			name = Debug;
		};
		A5CA1A132860A46400C81E68 /* Release */ = {
			isa = XCBuildConfiguration;
			buildSettings = {
				ASSETCATALOG_COMPILER_APPICON_NAME = AppIcon;
				ASSETCATALOG_COMPILER_GLOBAL_ACCENT_COLOR_NAME = AccentColor;
				CODE_SIGN_STYLE = Automatic;
				CURRENT_PROJECT_VERSION = 1;
				DEVELOPMENT_TEAM = NGBZHWD3TQ;
				GENERATE_INFOPLIST_FILE = YES;
				INFOPLIST_FILE = CoordinatorDemo/Info.plist;
				INFOPLIST_KEY_UIApplicationSupportsIndirectInputEvents = YES;
				INFOPLIST_KEY_UILaunchStoryboardName = LaunchScreen;
				INFOPLIST_KEY_UIMainStoryboardFile = Main;
				INFOPLIST_KEY_UISupportedInterfaceOrientations_iPad = "UIInterfaceOrientationPortrait UIInterfaceOrientationPortraitUpsideDown UIInterfaceOrientationLandscapeLeft UIInterfaceOrientationLandscapeRight";
				INFOPLIST_KEY_UISupportedInterfaceOrientations_iPhone = "UIInterfaceOrientationPortrait UIInterfaceOrientationLandscapeLeft UIInterfaceOrientationLandscapeRight";
				LD_RUNPATH_SEARCH_PATHS = (
					"$(inherited)",
					"@executable_path/Frameworks",
				);
				MARKETING_VERSION = 1.0;
				PRODUCT_BUNDLE_IDENTIFIER = com.ijaz.coordinator.CoordinatorDemo;
				PRODUCT_NAME = "$(TARGET_NAME)";
				SWIFT_EMIT_LOC_STRINGS = YES;
				SWIFT_VERSION = 5.0;
				TARGETED_DEVICE_FAMILY = "1,2";
			};
			name = Release;
		};
/* End XCBuildConfiguration section */

/* Begin XCConfigurationList section */
		A5CA19F82860A46000C81E68 /* Build configuration list for PBXProject "CoordinatorDemo" */ = {
			isa = XCConfigurationList;
			buildConfigurations = (
				A5CA1A0F2860A46400C81E68 /* Debug */,
				A5CA1A102860A46400C81E68 /* Release */,
			);
			defaultConfigurationIsVisible = 0;
			defaultConfigurationName = Release;
		};
		A5CA1A112860A46400C81E68 /* Build configuration list for PBXNativeTarget "CoordinatorDemo" */ = {
			isa = XCConfigurationList;
			buildConfigurations = (
				A5CA1A122860A46400C81E68 /* Debug */,
				A5CA1A132860A46400C81E68 /* Release */,
			);
			defaultConfigurationIsVisible = 0;
			defaultConfigurationName = Release;
		};
/* End XCConfigurationList section */
	};
	rootObject = A5CA19F52860A46000C81E68 /* Project object */;
}
